git.parasha.space/go/libs v0.0.0-eadb42b2c8 h1:c1dx79XyX+TVPhM19de7BQb1TZjKPc3wkfI2RwtPrk4=
git.parasha.space/go/libs v0.0.0-eadb42b2c8/go.mod h1:SxvHfqgV2BbiJ91mJ3X4+CHL8Os0RpWHATGP2y87opc=
github.com/biter777/countries v1.5.6 h1:YdvI0OYZR4gmI8BO+LrAuKmoZgiv4RrMdGBj6iORfn8=
github.com/biter777/countries v1.5.6/go.mod h1:1HSpZ526mYqKJcpT5Ti1kcGQ0L0SrXWIaptUWjFfv2E=
github.com/corpix/uarand v0.0.0-20170723150923-031be390f409 h1:9A+mfQmwzZ6KwUXPc8nHxFtKgn9VIvO3gXAOspIcE3s=
github.com/corpix/uarand v0.0.0-20170723150923-031be390f409/go.mod h1:JSm890tOkDN+M1jqN8pUGDKnzJrsVbJwSMHBY4zwz7M=
github.com/davecgh/go-spew v1.1.1 h1:vj9j/u1bqnvCEfJOwUhtlOARqs3+rkHYY13jYWTU97c=
github.com/gocarina/gocsv v0.0.0-20220927221512-ad3251f9fa25 h1:wxgEEZvsnOTrDO2npSSKUMDx5IykfoGmro+/Vjc1BQ8=
github.com/gocarina/gocsv v0.0.0-20220927221512-ad3251f9fa25/go.mod h1:5YoVOkjYAQumqlV356Hj3xeYh4BdZuLE0/nRkf2NKkI=
github.com/icrowley/fake v0.0.0-20220625154756-3c7517006344 h1:gvlL0h+DFa2eX4rLg/lbtBV4z81p1qHGcvPIpWtlXn0=
github.com/icrowley/fake v0.0.0-20220625154756-3c7517006344/go.mod h1:dQ6TM/OGAe+cMws81eTe4Btv1dKxfPZ2CX+YaAFAPN4=
github.com/pmezard/go-difflib v1.0.0 h1:4DBwDE0NGyQoBHbLQYPwSUPoCMWR5BEzIk/f1lZbAQM=
github.com/stretchr/testify v1.7.5 h1:s5PTfem8p8EbKQOctVV53k6jCJt3UX4IEJzwh+C324Q=
gopkg.in/yaml.v3 v3.0.1 h1:fxVm/GzAzEWqLHuvctI91KS9hhNmmWOoWu0XTYJS7CA=
